
Microsoft Visual Studio Solution File, Format Version 12.00
Project("{FAE04EC0-301F-11D3-BF4B-00C04F79EFBC}") = "SimpleFramework", "SimpleFramework.csproj", "{1E3726D7-7AD1-48A9-95D9-1AE15CA9CF5E}"
EndProject
Project("{FAE04EC0-301F-11D3-BF4B-00C04F79EFBC}") = "Test", "Test\Test.csproj", "{31586A58-D773-48FD-AE32-CBCE40527A87}"
EndProject
Global
	GlobalSection(SolutionConfigurationPlatforms) = preSolution
		Debug|Any CPU = Debug|Any CPU
		Release|Any CPU = Release|Any CPU
	EndGlobalSection
	GlobalSection(ProjectConfigurationPlatforms) = postSolution
		{1E3726D7-7AD1-48A9-95D9-1AE15CA9CF5E}.Debug|Any CPU.ActiveCfg = Debug|Any CPU
		{1E3726D7-7AD1-48A9-95D9-1AE15CA9CF5E}.Debug|Any CPU.Build.0 = Debug|Any CPU
		{1E3726D7-7AD1-48A9-95D9-1AE15CA9CF5E}.Release|Any CPU.ActiveCfg = Release|Any CPU
		{1E3726D7-7AD1-48A9-95D9-1AE15CA9CF5E}.Release|Any CPU.Build.0 = Release|Any CPU
		{31586A58-D773-48FD-AE32-CBCE40527A87}.Debug|Any CPU.ActiveCfg = Debug|Any CPU
		{31586A58-D773-48FD-AE32-CBCE40527A87}.Debug|Any CPU.Build.0 = Debug|Any CPU
		{31586A58-D773-48FD-AE32-CBCE40527A87}.Release|Any CPU.ActiveCfg = Release|Any CPU
		{31586A58-D773-48FD-AE32-CBCE40527A87}.Release|Any CPU.Build.0 = Release|Any CPU
	EndGlobalSection
EndGlobal
